// !$*UTF8*$!
{
	archiveVersion = 1;
	classes = {
	};
	objectVersion = 50;
	objects = {

/* Begin PBXBuildFile section */
		F8C415AE26BCC59F00D71F6E /* AppDelegate.swift in Sources */ = {isa = PBXBuildFile; fileRef = F8C415AD26BCC59F00D71F6E /* AppDelegate.swift */; };
		F8C415B026BCC59F00D71F6E /* SceneDelegate.swift in Sources */ = {isa = PBXBuildFile; fileRef = F8C415AF26BCC59F00D71F6E /* SceneDelegate.swift */; };
		F8C415B226BCC59F00D71F6E /* ViewController.swift in Sources */ = {isa = PBXBuildFile; fileRef = F8C415B126BCC59F00D71F6E /* ViewController.swift */; };
		F8C415B526BCC59F00D71F6E /* Main.storyboard in Resources */ = {isa = PBXBuildFile; fileRef = F8C415B326BCC59F00D71F6E /* Main.storyboard */; };
		F8C415B726BCC5A300D71F6E /* Assets.xcassets in Resources */ = {isa = PBXBuildFile; fileRef = F8C415B626BCC5A300D71F6E /* Assets.xcassets */; };
		F8C415BA26BCC5A300D71F6E /* LaunchScreen.storyboard in Resources */ = {isa = PBXBuildFile; fileRef = F8C415B826BCC5A300D71F6E /* LaunchScreen.storyboard */; };
		F8C415C526BCC5A400D71F6E /* PreworkTests.swift in Sources */ = {isa = PBXBuildFile; fileRef = F8C415C426BCC5A400D71F6E /* PreworkTests.swift */; };
		F8C415D026BCC5A400D71F6E /* PreworkUITests.swift in Sources */ = {isa = PBXBuildFile; fileRef = F8C415CF26BCC5A400D71F6E /* PreworkUITests.swift */; };
/* End PBXBuildFile section */

/* Begin PBXContainerItemProxy section */
		F8C415C126BCC5A400D71F6E /* PBXContainerItemProxy */ = {
			isa = PBXContainerItemProxy;
			containerPortal = F8C415A226BCC59E00D71F6E /* Project object */;
			proxyType = 1;
			remoteGlobalIDString = F8C415A926BCC59E00D71F6E;
			remoteInfo = Prework;
		};
		F8C415CC26BCC5A400D71F6E /* PBXContainerItemProxy */ = {
			isa = PBXContainerItemProxy;
			containerPortal = F8C415A226BCC59E00D71F6E /* Project object */;
			proxyType = 1;
			remoteGlobalIDString = F8C415A926BCC59E00D71F6E;
			remoteInfo = Prework;
		};
/* End PBXContainerItemProxy section */

/* Begin PBXFileReference section */
		F8C415AA26BCC59F00D71F6E /* Prework.app */ = {isa = PBXFileReference; explicitFileType = wrapper.application; includeInIndex = 0; path = Prework.app; sourceTree = BUILT_PRODUCTS_DIR; };
		F8C415AD26BCC59F00D71F6E /* AppDelegate.swift */ = {isa = PBXFileReference; lastKnownFileType = sourcecode.swift; path = AppDelegate.swift; sourceTree = "<group>"; };
		F8C415AF26BCC59F00D71F6E /* SceneDelegate.swift */ = {isa = PBXFileReference; lastKnownFileType = sourcecode.swift; path = SceneDelegate.swift; sourceTree = "<group>"; };
		F8C415B126BCC59F00D71F6E /* ViewController.swift */ = {isa = PBXFileReference; lastKnownFileType = sourcecode.swift; path = ViewController.swift; sourceTree = "<group>"; };
		F8C415B426BCC59F00D71F6E /* Base */ = {isa = PBXFileReference; lastKnownFileType = file.storyboard; name = Base; path = Base.lproj/Main.storyboard; sourceTree = "<group>"; };
		F8C415B626BCC5A300D71F6E /* Assets.xcassets */ = {isa = PBXFileReference; lastKnownFileType = folder.assetcatalog; path = Assets.xcassets; sourceTree = "<group>"; };
		F8C415B926BCC5A300D71F6E /* Base */ = {isa = PBXFileReference; lastKnownFileType = file.storyboard; name = Base; path = Base.lproj/LaunchScreen.storyboard; sourceTree = "<group>"; };
		F8C415BB26BCC5A300D71F6E /* Info.plist */ = {isa = PBXFileReference; lastKnownFileType = text.plist.xml; path = Info.plist; sourceTree = "<group>"; };
		F8C415C026BCC5A400D71F6E /* PreworkTests.xctest */ = {isa = PBXFileReference; explicitFileType = wrapper.cfbundle; includeInIndex = 0; path = PreworkTests.xctest; sourceTree = BUILT_PRODUCTS_DIR; };
		F8C415C426BCC5A400D71F6E /* PreworkTests.swift */ = {isa = PBXFileReference; lastKnownFileType = sourcecode.swift; path = PreworkTests.swift; sourceTree = "<group>"; };
		F8C415C626BCC5A400D71F6E /* Info.plist */ = {isa = PBXFileReference; lastKnownFileType = text.plist.xml; path = Info.plist; sourceTree = "<group>"; };
		F8C415CB26BCC5A400D71F6E /* PreworkUITests.xctest */ = {isa = PBXFileReference; explicitFileType = wrapper.cfbundle; includeInIndex = 0; path = PreworkUITests.xctest; sourceTree = BUILT_PRODUCTS_DIR; };
		F8C415CF26BCC5A400D71F6E /* PreworkUITests.swift */ = {isa = PBXFileReference; lastKnownFileType = sourcecode.swift; path = PreworkUITests.swift; sourceTree = "<group>"; };
		F8C415D126BCC5A400D71F6E /* Info.plist */ = {isa = PBXFileReference; lastKnownFileType = text.plist.xml; path = Info.plist; sourceTree = "<group>"; };
/* End PBXFileReference section */

/* Begin PBXFrameworksBuildPhase section */
		F8C415A726BCC59E00D71F6E /* Frameworks */ = {
			isa = PBXFrameworksBuildPhase;
			buildActionMask = 2147483647;
			files = (
			);
			runOnlyForDeploymentPostprocessing = 0;
		};
		F8C415BD26BCC5A400D71F6E /* Frameworks */ = {
			isa = PBXFrameworksBuildPhase;
			buildActionMask = 2147483647;
			files = (
			);
			runOnlyForDeploymentPostprocessing = 0;
		};
		F8C415C826BCC5A400D71F6E /* Frameworks */ = {
			isa = PBXFrameworksBuildPhase;
			buildActionMask = 2147483647;
			files = (
			);
			runOnlyForDeploymentPostprocessing = 0;
		};
/* End PBXFrameworksBuildPhase section */

/* Begin PBXGroup section */
		F8C415A126BCC59E00D71F6E = {
			isa = PBXGroup;
			children = (
				F8C415AC26BCC59F00D71F6E /* Prework */,
				F8C415C326BCC5A400D71F6E /* PreworkTests */,
				F8C415CE26BCC5A400D71F6E /* PreworkUITests */,
				F8C415AB26BCC59F00D71F6E /* Products */,
			);
			sourceTree = "<group>";
		};
		F8C415AB26BCC59F00D71F6E /* Products */ = {
			isa = PBXGroup;
			children = (
				F8C415AA26BCC59F00D71F6E /* Prework.app */,
				F8C415C026BCC5A400D71F6E /* PreworkTests.xctest */,
				F8C415CB26BCC5A400D71F6E /* PreworkUITests.xctest */,
			);
			name = Products;
			sourceTree = "<group>";
		};
		F8C415AC26BCC59F00D71F6E /* Prework */ = {
			isa = PBXGroup;
			children = (
				F8C415AD26BCC59F00D71F6E /* AppDelegate.swift */,
				F8C415AF26BCC59F00D71F6E /* SceneDelegate.swift */,
				F8C415B126BCC59F00D71F6E /* ViewController.swift */,
				F8C415B326BCC59F00D71F6E /* Main.storyboard */,
				F8C415B626BCC5A300D71F6E /* Assets.xcassets */,
				F8C415B826BCC5A300D71F6E /* LaunchScreen.storyboard */,
				F8C415BB26BCC5A300D71F6E /* Info.plist */,
			);
			path = Prework;
			sourceTree = "<group>";
		};
		F8C415C326BCC5A400D71F6E /* PreworkTests */ = {
			isa = PBXGroup;
			children = (
				F8C415C426BCC5A400D71F6E /* PreworkTests.swift */,
				F8C415C626BCC5A400D71F6E /* Info.plist */,
			);
			path = PreworkTests;
			sourceTree = "<group>";
		};
		F8C415CE26BCC5A400D71F6E /* PreworkUITests */ = {
			isa = PBXGroup;
			children = (
				F8C415CF26BCC5A400D71F6E /* PreworkUITests.swift */,
				F8C415D126BCC5A400D71F6E /* Info.plist */,
			);
			path = PreworkUITests;
			sourceTree = "<group>";
		};
/* End PBXGroup section */

/* Begin PBXNativeTarget section */
		F8C415A926BCC59E00D71F6E /* Prework */ = {
			isa = PBXNativeTarget;
			buildConfigurationList = F8C415D426BCC5A400D71F6E /* Build configuration list for PBXNativeTarget "Prework" */;
			buildPhases = (
				F8C415A626BCC59E00D71F6E /* Sources */,
				F8C415A726BCC59E00D71F6E /* Frameworks */,
				F8C415A826BCC59E00D71F6E /* Resources */,
			);
			buildRules = (
			);
			dependencies = (
			);
			name = Prework;
			productName = Prework;
			productReference = F8C415AA26BCC59F00D71F6E /* Prework.app */;
			productType = "com.apple.product-type.application";
		};
		F8C415BF26BCC5A400D71F6E /* PreworkTests */ = {
			isa = PBXNativeTarget;
			buildConfigurationList = F8C415D726BCC5A400D71F6E /* Build configuration list for PBXNativeTarget "PreworkTests" */;
			buildPhases = (
				F8C415BC26BCC5A400D71F6E /* Sources */,
				F8C415BD26BCC5A400D71F6E /* Frameworks */,
				F8C415BE26BCC5A400D71F6E /* Resources */,
			);
			buildRules = (
			);
			dependencies = (
				F8C415C226BCC5A400D71F6E /* PBXTargetDependency */,
			);
			name = PreworkTests;
			productName = PreworkTests;
			productReference = F8C415C026BCC5A400D71F6E /* PreworkTests.xctest */;
			productType = "com.apple.product-type.bundle.unit-test";
		};
		F8C415CA26BCC5A400D71F6E /* PreworkUITests */ = {
			isa = PBXNativeTarget;
			buildConfigurationList = F8C415DA26BCC5A400D71F6E /* Build configuration list for PBXNativeTarget "PreworkUITests" */;
			buildPhases = (
				F8C415C726BCC5A400D71F6E /* Sources */,
				F8C415C826BCC5A400D71F6E /* Frameworks */,
				F8C415C926BCC5A400D71F6E /* Resources */,
			);
			buildRules = (
			);
			dependencies = (
				F8C415CD26BCC5A400D71F6E /* PBXTargetDependency */,
			);
			name = PreworkUITests;
			productName = PreworkUITests;
			productReference = F8C415CB26BCC5A400D71F6E /* PreworkUITests.xctest */;
			productType = "com.apple.product-type.bundle.ui-testing";
		};
/* End PBXNativeTarget section */

/* Begin PBXProject section */
		F8C415A226BCC59E00D71F6E /* Project object */ = {
			isa = PBXProject;
			attributes = {
				LastSwiftUpdateCheck = 1250;
				LastUpgradeCheck = 1250;
				TargetAttributes = {
					F8C415A926BCC59E00D71F6E = {
						CreatedOnToolsVersion = 12.5.1;
					};
					F8C415BF26BCC5A400D71F6E = {
						CreatedOnToolsVersion = 12.5.1;
						TestTargetID = F8C415A926BCC59E00D71F6E;
					};
					F8C415CA26BCC5A400D71F6E = {
						CreatedOnToolsVersion = 12.5.1;
						TestTargetID = F8C415A926BCC59E00D71F6E;
					};
				};
			};
			buildConfigurationList = F8C415A526BCC59E00D71F6E /* Build configuration list for PBXProject "Prework" */;
			compatibilityVersion = "Xcode 9.3";
			developmentRegion = en;
			hasScannedForEncodings = 0;
			knownRegions = (
				en,
				Base,
			);
			mainGroup = F8C415A126BCC59E00D71F6E;
			productRefGroup = F8C415AB26BCC59F00D71F6E /* Products */;
			projectDirPath = "";
			projectRoot = "";
			targets = (
				F8C415A926BCC59E00D71F6E /* Prework */,
				F8C415BF26BCC5A400D71F6E /* PreworkTests */,
				F8C415CA26BCC5A400D71F6E /* PreworkUITests */,
			);
		};
/* End PBXProject section */

/* Begin PBXResourcesBuildPhase section */
		F8C415A826BCC59E00D71F6E /* Resources */ = {
			isa = PBXResourcesBuildPhase;
			buildActionMask = 2147483647;
			files = (
				F8C415BA26BCC5A300D71F6E /* LaunchScreen.storyboard in Resources */,
				F8C415B726BCC5A300D71F6E /* Assets.xcassets in Resources */,
				F8C415B526BCC59F00D71F6E /* Main.storyboard in Resources */,
			);
			runOnlyForDeploymentPostprocessing = 0;
		};
		F8C415BE26BCC5A400D71F6E /* Resources */ = {
			isa = PBXResourcesBuildPhase;
			buildActionMask = 2147483647;
			files = (
			);
			runOnlyForDeploymentPostprocessing = 0;
		};
		F8C415C926BCC5A400D71F6E /* Resources */ = {
			isa = PBXResourcesBuildPhase;
			buildActionMask = 2147483647;
			files = (
			);
			runOnlyForDeploymentPostprocessing = 0;
		};
/* End PBXResourcesBuildPhase section */

/* Begin PBXSourcesBuildPhase section */
		F8C415A626BCC59E00D71F6E /* Sources */ = {
			isa = PBXSourcesBuildPhase;
			buildActionMask = 2147483647;
			files = (
				F8C415B226BCC59F00D71F6E /* ViewController.swift in Sources */,
				F8C415AE26BCC59F00D71F6E /* AppDelegate.swift in Sources */,
				F8C415B026BCC59F00D71F6E /* SceneDelegate.swift in Sources */,
			);
			runOnlyForDeploymentPostprocessing = 0;
		};
		F8C415BC26BCC5A400D71F6E /* Sources */ = {
			isa = PBXSourcesBuildPhase;
			buildActionMask = 2147483647;
			files = (
				F8C415C526BCC5A400D71F6E /* PreworkTests.swift in Sources */,
			);
			runOnlyForDeploymentPostprocessing = 0;
		};
		F8C415C726BCC5A400D71F6E /* Sources */ = {
			isa = PBXSourcesBuildPhase;
			buildActionMask = 2147483647;
			files = (
				F8C415D026BCC5A400D71F6E /* PreworkUITests.swift in Sources */,
			);
			runOnlyForDeploymentPostprocessing = 0;
		};
/* End PBXSourcesBuildPhase section */

/* Begin PBXTargetDependency section */
		F8C415C226BCC5A400D71F6E /* PBXTargetDependency */ = {
			isa = PBXTargetDependency;
			target = F8C415A926BCC59E00D71F6E /* Prework */;
			targetProxy = F8C415C126BCC5A400D71F6E /* PBXContainerItemProxy */;
		};
		F8C415CD26BCC5A400D71F6E /* PBXTargetDependency */ = {
			isa = PBXTargetDependency;
			target = F8C415A926BCC59E00D71F6E /* Prework */;
			targetProxy = F8C415CC26BCC5A400D71F6E /* PBXContainerItemProxy */;
		};
/* End PBXTargetDependency section */

/* Begin PBXVariantGroup section */
		F8C415B326BCC59F00D71F6E /* Main.storyboard */ = {
			isa = PBXVariantGroup;
			children = (
				F8C415B426BCC59F00D71F6E /* Base */,
			);
			name = Main.storyboard;
			sourceTree = "<group>";
		};
		F8C415B826BCC5A300D71F6E /* LaunchScreen.storyboard */ = {
			isa = PBXVariantGroup;
			children = (
				F8C415B926BCC5A300D71F6E /* Base */,
			);
			name = LaunchScreen.storyboard;
			sourceTree = "<group>";
		};
/* End PBXVariantGroup section */

/* Begin XCBuildConfiguration section */
		F8C415D226BCC5A400D71F6E /* Debug */ = {
			isa = XCBuildConfiguration;
			buildSettings = {
				ALWAYS_SEARCH_USER_PATHS = NO;
				CLANG_ANALYZER_NONNULL = YES;
				CLANG_ANALYZER_NUMBER_OBJECT_CONVERSION = YES_AGGRESSIVE;
				CLANG_CXX_LANGUAGE_STANDARD = "gnu++14";
				CLANG_CXX_LIBRARY = "libc++";
				CLANG_ENABLE_MODULES = YES;
				CLANG_ENABLE_OBJC_ARC = YES;
				CLANG_ENABLE_OBJC_WEAK = YES;
				CLANG_WARN_BLOCK_CAPTURE_AUTORELEASING = YES;
				CLANG_WARN_BOOL_CONVERSION = YES;
				CLANG_WARN_COMMA = YES;
				CLANG_WARN_CONSTANT_CONVERSION = YES;
				CLANG_WARN_DEPRECATED_OBJC_IMPLEMENTATIONS = YES;
				CLANG_WARN_DIRECT_OBJC_ISA_USAGE = YES_ERROR;
				CLANG_WARN_DOCUMENTATION_COMMENTS = YES;
				CLANG_WARN_EMPTY_BODY = YES;
				CLANG_WARN_ENUM_CONVERSION = YES;
				CLANG_WARN_INFINITE_RECURSION = YES;
				CLANG_WARN_INT_CONVERSION = YES;
				CLANG_WARN_NON_LITERAL_NULL_CONVERSION = YES;
				CLANG_WARN_OBJC_IMPLICIT_RETAIN_SELF = YES;
				CLANG_WARN_OBJC_LITERAL_CONVERSION = YES;
				CLANG_WARN_OBJC_ROOT_CLASS = YES_ERROR;
				CLANG_WARN_QUOTED_INCLUDE_IN_FRAMEWORK_HEADER = YES;
				CLANG_WARN_RANGE_LOOP_ANALYSIS = YES;
				CLANG_WARN_STRICT_PROTOTYPES = YES;
				CLANG_WARN_SUSPICIOUS_MOVE = YES;
				CLANG_WARN_UNGUARDED_AVAILABILITY = YES_AGGRESSIVE;
				CLANG_WARN_UNREACHABLE_CODE = YES;
				CLANG_WARN__DUPLICATE_METHOD_MATCH = YES;
				COPY_PHASE_STRIP = NO;
				DEBUG_INFORMATION_FORMAT = dwarf;
				ENABLE_STRICT_OBJC_MSGSEND = YES;
				ENABLE_TESTABILITY = YES;
				GCC_C_LANGUAGE_STANDARD = gnu11;
				GCC_DYNAMIC_NO_PIC = NO;
				GCC_NO_COMMON_BLOCKS = YES;
				GCC_OPTIMIZATION_LEVEL = 0;
				GCC_PREPROCESSOR_DEFINITIONS = (
					"DEBUG=1",
					"$(inherited)",
				);
				GCC_WARN_64_TO_32_BIT_CONVERSION = YES;
				GCC_WARN_ABOUT_RETURN_TYPE = YES_ERROR;
				GCC_WARN_UNDECLARED_SELECTOR = YES;
				GCC_WARN_UNINITIALIZED_AUTOS = YES_AGGRESSIVE;
				GCC_WARN_UNUSED_FUNCTION = YES;
				GCC_WARN_UNUSED_VARIABLE = YES;
				IPHONEOS_DEPLOYMENT_TARGET = 14.5;
				MTL_ENABLE_DEBUG_INFO = INCLUDE_SOURCE;
				MTL_FAST_MATH = YES;
				ONLY_ACTIVE_ARCH = YES;
				SDKROOT = iphoneos;
				SWIFT_ACTIVE_COMPILATION_CONDITIONS = DEBUG;
				SWIFT_OPTIMIZATION_LEVEL = "-Onone";
			};
			name = Debug;
		};
		F8C415D326BCC5A400D71F6E /* Release */ = {
			isa = XCBuildConfiguration;
			buildSettings = {
				ALWAYS_SEARCH_USER_PATHS = NO;
				CLANG_ANALYZER_NONNULL = YES;
				CLANG_ANALYZER_NUMBER_OBJECT_CONVERSION = YES_AGGRESSIVE;
				CLANG_CXX_LANGUAGE_STANDARD = "gnu++14";
				CLANG_CXX_LIBRARY = "libc++";
				CLANG_ENABLE_MODULES = YES;
				CLANG_ENABLE_OBJC_ARC = YES;
				CLANG_ENABLE_OBJC_WEAK = YES;
				CLANG_WARN_BLOCK_CAPTURE_AUTORELEASING = YES;
				CLANG_WARN_BOOL_CONVERSION = YES;
				CLANG_WARN_COMMA = YES;
				CLANG_WARN_CONSTANT_CONVERSION = YES;
				CLANG_WARN_DEPRECATED_OBJC_IMPLEMENTATIONS = YES;
				CLANG_WARN_DIRECT_OBJC_ISA_USAGE = YES_ERROR;
				CLANG_WARN_DOCUMENTATION_COMMENTS = YES;
				CLANG_WARN_EMPTY_BODY = YES;
				CLANG_WARN_ENUM_CONVERSION = YES;
				CLANG_WARN_INFINITE_RECURSION = YES;
				CLANG_WARN_INT_CONVERSION = YES;
				CLANG_WARN_NON_LITERAL_NULL_CONVERSION = YES;
				CLANG_WARN_OBJC_IMPLICIT_RETAIN_SELF = YES;
				CLANG_WARN_OBJC_LITERAL_CONVERSION = YES;
				CLANG_WARN_OBJC_ROOT_CLASS = YES_ERROR;
				CLANG_WARN_QUOTED_INCLUDE_IN_FRAMEWORK_HEADER = YES;
				CLANG_WARN_RANGE_LOOP_ANALYSIS = YES;
				CLANG_WARN_STRICT_PROTOTYPES = YES;
				CLANG_WARN_SUSPICIOUS_MOVE = YES;
				CLANG_WARN_UNGUARDED_AVAILABILITY = YES_AGGRESSIVE;
				CLANG_WARN_UNREACHABLE_CODE = YES;
				CLANG_WARN__DUPLICATE_METHOD_MATCH = YES;
				COPY_PHASE_STRIP = NO;
				DEBUG_INFORMATION_FORMAT = "dwarf-with-dsym";
				ENABLE_NS_ASSERTIONS = NO;
				ENABLE_STRICT_OBJC_MSGSEND = YES;
				GCC_C_LANGUAGE_STANDARD = gnu11;
				GCC_NO_COMMON_BLOCKS = YES;
				GCC_WARN_64_TO_32_BIT_CONVERSION = YES;
				GCC_WARN_ABOUT_RETURN_TYPE = YES_ERROR;
				GCC_WARN_UNDECLARED_SELECTOR = YES;
				GCC_WARN_UNINITIALIZED_AUTOS = YES_AGGRESSIVE;
				GCC_WARN_UNUSED_FUNCTION = YES;
				GCC_WARN_UNUSED_VARIABLE = YES;
				IPHONEOS_DEPLOYMENT_TARGET = 14.5;
				MTL_ENABLE_DEBUG_INFO = NO;
				MTL_FAST_MATH = YES;
				SDKROOT = iphoneos;
				SWIFT_COMPILATION_MODE = wholemodule;
				SWIFT_OPTIMIZATION_LEVEL = "-O";
				VALIDATE_PRODUCT = YES;
			};
			name = Release;
		};
		F8C415D526BCC5A400D71F6E /* Debug */ = {
			isa = XCBuildConfiguration;
			buildSettings = {
				ASSETCATALOG_COMPILER_APPICON_NAME = AppIcon;
				ASSETCATALOG_COMPILER_GLOBAL_ACCENT_COLOR_NAME = AccentColor;
				CODE_SIGN_STYLE = Automatic;
				INFOPLIST_FILE = Prework/Info.plist;
				LD_RUNPATH_SEARCH_PATHS = (
					"$(inherited)",
					"@executable_path/Frameworks",
				);
				PRODUCT_BUNDLE_IDENTIFIER = memo.com.Prework;
				PRODUCT_NAME = "$(TARGET_NAME)";
				SWIFT_VERSION = 5.0;
				TARGETED_DEVICE_FAMILY = "1,2";
			};
			name = Debug;
		};
		F8C415D626BCC5A400D71F6E /* Release */ = {
			isa = XCBuildConfiguration;
			buildSettings = {
				ASSETCATALOG_COMPILER_APPICON_NAME = AppIcon;
				ASSETCATALOG_COMPILER_GLOBAL_ACCENT_COLOR_NAME = AccentColor;
				CODE_SIGN_STYLE = Automatic;
				INFOPLIST_FILE = Prework/Info.plist;
				LD_RUNPATH_SEARCH_PATHS = (
					"$(inherited)",
					"@executable_path/Frameworks",
				);
				PRODUCT_BUNDLE_IDENTIFIER = memo.com.Prework;
				PRODUCT_NAME = "$(TARGET_NAME)";
				SWIFT_VERSION = 5.0;
				TARGETED_DEVICE_FAMILY = "1,2";
			};
			name = Release;
		};
		F8C415D826BCC5A400D71F6E /* Debug */ = {
			isa = XCBuildConfiguration;
			buildSettings = {
				ALWAYS_EMBED_SWIFT_STANDARD_LIBRARIES = YES;
				BUNDLE_LOADER = "$(TEST_HOST)";
				CODE_SIGN_STYLE = Automatic;
				INFOPLIST_FILE = PreworkTests/Info.plist;
				IPHONEOS_DEPLOYMENT_TARGET = 14.5;
				LD_RUNPATH_SEARCH_PATHS = (
					"$(inherited)",
					"@executable_path/Frameworks",
					"@loader_path/Frameworks",
				);
				PRODUCT_BUNDLE_IDENTIFIER = memo.com.PreworkTests;
				PRODUCT_NAME = "$(TARGET_NAME)";
				SWIFT_VERSION = 5.0;
				TARGETED_DEVICE_FAMILY = "1,2";
				TEST_HOST = "$(BUILT_PRODUCTS_DIR)/Prework.app/Prework";
			};
			name = Debug;
		};
		F8C415D926BCC5A400D71F6E /* Release */ = {
			isa = XCBuildConfiguration;
			buildSettings = {
				ALWAYS_EMBED_SWIFT_STANDARD_LIBRARIES = YES;
				BUNDLE_LOADER = "$(TEST_HOST)";
				CODE_SIGN_STYLE = Automatic;
				INFOPLIST_FILE = PreworkTests/Info.plist;
				IPHONEOS_DEPLOYMENT_TARGET = 14.5;
				LD_RUNPATH_SEARCH_PATHS = (
					"$(inherited)",
					"@executable_path/Frameworks",
					"@loader_path/Frameworks",
				);
				PRODUCT_BUNDLE_IDENTIFIER = memo.com.PreworkTests;
				PRODUCT_NAME = "$(TARGET_NAME)";
				SWIFT_VERSION = 5.0;
				TARGETED_DEVICE_FAMILY = "1,2";
				TEST_HOST = "$(BUILT_PRODUCTS_DIR)/Prework.app/Prework";
			};
			name = Release;
		};
		F8C415DB26BCC5A400D71F6E /* Debug */ = {
			isa = XCBuildConfiguration;
			buildSettings = {
				ALWAYS_EMBED_SWIFT_STANDARD_LIBRARIES = YES;
				CODE_SIGN_STYLE = Automatic;
				INFOPLIST_FILE = PreworkUITests/Info.plist;
				LD_RUNPATH_SEARCH_PATHS = (
					"$(inherited)",
					"@executable_path/Frameworks",
					"@loader_path/Frameworks",
				);
				PRODUCT_BUNDLE_IDENTIFIER = memo.com.PreworkUITests;
				PRODUCT_NAME = "$(TARGET_NAME)";
				SWIFT_VERSION = 5.0;
				TARGETED_DEVICE_FAMILY = "1,2";
				TEST_TARGET_NAME = Prework;
			};
			name = Debug;
		};
		F8C415DC26BCC5A400D71F6E /* Release */ = {
			isa = XCBuildConfiguration;
			buildSettings = {
				ALWAYS_EMBED_SWIFT_STANDARD_LIBRARIES = YES;
				CODE_SIGN_STYLE = Automatic;
				INFOPLIST_FILE = PreworkUITests/Info.plist;
				LD_RUNPATH_SEARCH_PATHS = (
					"$(inherited)",
					"@executable_path/Frameworks",
					"@loader_path/Frameworks",
				);
				PRODUCT_BUNDLE_IDENTIFIER = memo.com.PreworkUITests;
				PRODUCT_NAME = "$(TARGET_NAME)";
				SWIFT_VERSION = 5.0;
				TARGETED_DEVICE_FAMILY = "1,2";
				TEST_TARGET_NAME = Prework;
			};
			name = Release;
		};
/* End XCBuildConfiguration section */

/* Begin XCConfigurationList section */
		F8C415A526BCC59E00D71F6E /* Build configuration list for PBXProject "Prework" */ = {
			isa = XCConfigurationList;
			buildConfigurations = (
				F8C415D226BCC5A400D71F6E /* Debug */,
				F8C415D326BCC5A400D71F6E /* Release */,
			);
			defaultConfigurationIsVisible = 0;
			defaultConfigurationName = Release;
		};
		F8C415D426BCC5A400D71F6E /* Build configuration list for PBXNativeTarget "Prework" */ = {
			isa = XCConfigurationList;
			buildConfigurations = (
				F8C415D526BCC5A400D71F6E /* Debug */,
				F8C415D626BCC5A400D71F6E /* Release */,
			);
			defaultConfigurationIsVisible = 0;
			defaultConfigurationName = Release;
		};
		F8C415D726BCC5A400D71F6E /* Build configuration list for PBXNativeTarget "PreworkTests" */ = {
			isa = XCConfigurationList;
			buildConfigurations = (
				F8C415D826BCC5A400D71F6E /* Debug */,
				F8C415D926BCC5A400D71F6E /* Release */,
			);
			defaultConfigurationIsVisible = 0;
			defaultConfigurationName = Release;
		};
		F8C415DA26BCC5A400D71F6E /* Build configuration list for PBXNativeTarget "PreworkUITests" */ = {
			isa = XCConfigurationList;
			buildConfigurations = (
				F8C415DB26BCC5A400D71F6E /* Debug */,
				F8C415DC26BCC5A400D71F6E /* Release */,
			);
			defaultConfigurationIsVisible = 0;
			defaultConfigurationName = Release;
		};
/* End XCConfigurationList section */
	};
	rootObject = F8C415A226BCC59E00D71F6E /* Project object */;
}
